
Microsoft Visual Studio Solution File, Format Version 12.00
# Visual Studio 15
VisualStudioVersion = 15.0.26228.9
MinimumVisualStudioVersion = 10.0.40219.1
Project("{9A19103F-16F7-4668-BE54-9A1E7A4F7556}") = "TestConsole", "TestConsole.csproj", "{AEAEEB7D-686E-4230-8E34-341E91B8E3A5}"
EndProject
Project("{9A19103F-16F7-4668-BE54-9A1E7A4F7556}") = "Entities", "..\Entities\Entities.csproj", "{91BD3D9B-3463-4CF5-BF1B-8ADF92A03CAD}"
EndProject
Project("{9A19103F-16F7-4668-BE54-9A1E7A4F7556}") = "DepthFirstSearch", "..\DepthFirstSearch\DepthFirstSearch.csproj", "{D553A5BC-9F99-47F4-9DE6-E3A384A9A664}"
EndProject
Global
	GlobalSection(SolutionConfigurationPlatforms) = preSolution
		Debug|Any CPU = Debug|Any CPU
		Release|Any CPU = Release|Any CPU
	EndGlobalSection
	GlobalSection(ProjectConfigurationPlatforms) = postSolution
		{AEAEEB7D-686E-4230-8E34-341E91B8E3A5}.Debug|Any CPU.ActiveCfg = Debug|Any CPU
		{AEAEEB7D-686E-4230-8E34-341E91B8E3A5}.Debug|Any CPU.Build.0 = Debug|Any CPU
		{AEAEEB7D-686E-4230-8E34-341E91B8E3A5}.Release|Any CPU.ActiveCfg = Release|Any CPU
		{AEAEEB7D-686E-4230-8E34-341E91B8E3A5}.Release|Any CPU.Build.0 = Release|Any CPU
		{91BD3D9B-3463-4CF5-BF1B-8ADF92A03CAD}.Debug|Any CPU.ActiveCfg = Debug|Any CPU
		{91BD3D9B-3463-4CF5-BF1B-8ADF92A03CAD}.Debug|Any CPU.Build.0 = Debug|Any CPU
		{91BD3D9B-3463-4CF5-BF1B-8ADF92A03CAD}.Release|Any CPU.ActiveCfg = Release|Any CPU
		{91BD3D9B-3463-4CF5-BF1B-8ADF92A03CAD}.Release|Any CPU.Build.0 = Release|Any CPU
		{D553A5BC-9F99-47F4-9DE6-E3A384A9A664}.Debug|Any CPU.ActiveCfg = Debug|Any CPU
		{D553A5BC-9F99-47F4-9DE6-E3A384A9A664}.Debug|Any CPU.Build.0 = Debug|Any CPU
		{D553A5BC-9F99-47F4-9DE6-E3A384A9A664}.Release|Any CPU.ActiveCfg = Release|Any CPU
		{D553A5BC-9F99-47F4-9DE6-E3A384A9A664}.Release|Any CPU.Build.0 = Release|Any CPU
	EndGlobalSection
	GlobalSection(SolutionProperties) = preSolution
		HideSolutionNode = FALSE
	EndGlobalSection
EndGlobal
