
Microsoft Visual Studio Solution File, Format Version 12.00
# Visual Studio 15
VisualStudioVersion = 15.0.26730.12
MinimumVisualStudioVersion = 10.0.40219.1
Project("{9A19103F-16F7-4668-BE54-9A1E7A4F7556}") = "TestConsole", "TestConsole.csproj", "{AEAEEB7D-686E-4230-8E34-341E91B8E3A5}"
EndProject
Project("{9A19103F-16F7-4668-BE54-9A1E7A4F7556}") = "Entities", "..\Entities\Entities.csproj", "{91BD3D9B-3463-4CF5-BF1B-8ADF92A03CAD}"
EndProject
Project("{9A19103F-16F7-4668-BE54-9A1E7A4F7556}") = "DepthFirstSearch", "..\DepthFirstSearch\DepthFirstSearch.csproj", "{D553A5BC-9F99-47F4-9DE6-E3A384A9A664}"
EndProject
Project("{9A19103F-16F7-4668-BE54-9A1E7A4F7556}") = "Paths", "..\Paths\Paths.csproj", "{C50D0E4C-F16F-44BD-9006-E4C54081CF0B}"
EndProject
Project("{2150E333-8FDC-42A3-9474-1A3956D46DE8}") = "Heaps", "Heaps", "{46BB4C9C-94FB-450A-BB84-A45F5A51114A}"
EndProject
Project("{9A19103F-16F7-4668-BE54-9A1E7A4F7556}") = "Entities", "..\..\Heaps\Entities\Entities.csproj", "{96FBFF13-14C4-47A7-ABDD-EBF34C3322CE}"
EndProject
Project("{2150E333-8FDC-42A3-9474-1A3956D46DE8}") = "Graphs", "Graphs", "{545FD59D-FB4C-4B9E-9B9C-C915502816E0}"
EndProject
Project("{9A19103F-16F7-4668-BE54-9A1E7A4F7556}") = "Common", "..\..\Common\Common.csproj", "{0E1EF5B7-5D3D-420B-A128-F98C74A5AE2F}"
EndProject
Global
	GlobalSection(SolutionConfigurationPlatforms) = preSolution
		Debug|Any CPU = Debug|Any CPU
		Release|Any CPU = Release|Any CPU
	EndGlobalSection
	GlobalSection(ProjectConfigurationPlatforms) = postSolution
		{AEAEEB7D-686E-4230-8E34-341E91B8E3A5}.Debug|Any CPU.ActiveCfg = Debug|Any CPU
		{AEAEEB7D-686E-4230-8E34-341E91B8E3A5}.Debug|Any CPU.Build.0 = Debug|Any CPU
		{AEAEEB7D-686E-4230-8E34-341E91B8E3A5}.Release|Any CPU.ActiveCfg = Release|Any CPU
		{AEAEEB7D-686E-4230-8E34-341E91B8E3A5}.Release|Any CPU.Build.0 = Release|Any CPU
		{91BD3D9B-3463-4CF5-BF1B-8ADF92A03CAD}.Debug|Any CPU.ActiveCfg = Debug|Any CPU
		{91BD3D9B-3463-4CF5-BF1B-8ADF92A03CAD}.Debug|Any CPU.Build.0 = Debug|Any CPU
		{91BD3D9B-3463-4CF5-BF1B-8ADF92A03CAD}.Release|Any CPU.ActiveCfg = Release|Any CPU
		{91BD3D9B-3463-4CF5-BF1B-8ADF92A03CAD}.Release|Any CPU.Build.0 = Release|Any CPU
		{D553A5BC-9F99-47F4-9DE6-E3A384A9A664}.Debug|Any CPU.ActiveCfg = Debug|Any CPU
		{D553A5BC-9F99-47F4-9DE6-E3A384A9A664}.Debug|Any CPU.Build.0 = Debug|Any CPU
		{D553A5BC-9F99-47F4-9DE6-E3A384A9A664}.Release|Any CPU.ActiveCfg = Release|Any CPU
		{D553A5BC-9F99-47F4-9DE6-E3A384A9A664}.Release|Any CPU.Build.0 = Release|Any CPU
		{C50D0E4C-F16F-44BD-9006-E4C54081CF0B}.Debug|Any CPU.ActiveCfg = Debug|Any CPU
		{C50D0E4C-F16F-44BD-9006-E4C54081CF0B}.Debug|Any CPU.Build.0 = Debug|Any CPU
		{C50D0E4C-F16F-44BD-9006-E4C54081CF0B}.Release|Any CPU.ActiveCfg = Release|Any CPU
		{C50D0E4C-F16F-44BD-9006-E4C54081CF0B}.Release|Any CPU.Build.0 = Release|Any CPU
		{96FBFF13-14C4-47A7-ABDD-EBF34C3322CE}.Debug|Any CPU.ActiveCfg = Debug|Any CPU
		{96FBFF13-14C4-47A7-ABDD-EBF34C3322CE}.Debug|Any CPU.Build.0 = Debug|Any CPU
		{96FBFF13-14C4-47A7-ABDD-EBF34C3322CE}.Release|Any CPU.ActiveCfg = Release|Any CPU
		{96FBFF13-14C4-47A7-ABDD-EBF34C3322CE}.Release|Any CPU.Build.0 = Release|Any CPU
		{0E1EF5B7-5D3D-420B-A128-F98C74A5AE2F}.Debug|Any CPU.ActiveCfg = Debug|Any CPU
		{0E1EF5B7-5D3D-420B-A128-F98C74A5AE2F}.Debug|Any CPU.Build.0 = Debug|Any CPU
		{0E1EF5B7-5D3D-420B-A128-F98C74A5AE2F}.Release|Any CPU.ActiveCfg = Release|Any CPU
		{0E1EF5B7-5D3D-420B-A128-F98C74A5AE2F}.Release|Any CPU.Build.0 = Release|Any CPU
	EndGlobalSection
	GlobalSection(SolutionProperties) = preSolution
		HideSolutionNode = FALSE
	EndGlobalSection
	GlobalSection(NestedProjects) = preSolution
		{91BD3D9B-3463-4CF5-BF1B-8ADF92A03CAD} = {545FD59D-FB4C-4B9E-9B9C-C915502816E0}
		{D553A5BC-9F99-47F4-9DE6-E3A384A9A664} = {545FD59D-FB4C-4B9E-9B9C-C915502816E0}
		{C50D0E4C-F16F-44BD-9006-E4C54081CF0B} = {545FD59D-FB4C-4B9E-9B9C-C915502816E0}
		{96FBFF13-14C4-47A7-ABDD-EBF34C3322CE} = {46BB4C9C-94FB-450A-BB84-A45F5A51114A}
	EndGlobalSection
	GlobalSection(ExtensibilityGlobals) = postSolution
		SolutionGuid = {DD14A9A2-EDBE-4634-8F73-9DE47AE63AAB}
	EndGlobalSection
EndGlobal
