
Microsoft Visual Studio Solution File, Format Version 10.00
# Visual Studio 2008
Project("{FAE04EC0-301F-11D3-BF4B-00C04F79EFBC}") = "IISMetaBaseWalker", "IISMetaBaseWalker.csproj", "{EDDAAC13-A298-44AA-AF04-8FE2057C4C38}"
EndProject
Global
	GlobalSection(SolutionConfigurationPlatforms) = preSolution
		Debug|Any CPU = Debug|Any CPU
		Release|Any CPU = Release|Any CPU
	EndGlobalSection
	GlobalSection(ProjectConfigurationPlatforms) = postSolution
		{EDDAAC13-A298-44AA-AF04-8FE2057C4C38}.Debug|Any CPU.ActiveCfg = Debug|Any CPU
		{EDDAAC13-A298-44AA-AF04-8FE2057C4C38}.Debug|Any CPU.Build.0 = Debug|Any CPU
		{EDDAAC13-A298-44AA-AF04-8FE2057C4C38}.Release|Any CPU.ActiveCfg = Release|Any CPU
		{EDDAAC13-A298-44AA-AF04-8FE2057C4C38}.Release|Any CPU.Build.0 = Release|Any CPU
	EndGlobalSection
	GlobalSection(SolutionProperties) = preSolution
		HideSolutionNode = FALSE
	EndGlobalSection
EndGlobal
