Microsoft Visual Studio Solution File, Format Version 8.00
Project("{8BC9CEB8-8B4A-11D0-8D11-00A0C91BC942}") = "AKN", "AKN.vcproj", "{820B4962-A662-442F-9A07-7200B241C95E}"
	ProjectSection(ProjectDependencies) = postProject
	EndProjectSection
EndProject
Global
	GlobalSection(SolutionConfiguration) = preSolution
		Debug = Debug
		Release = Release
	EndGlobalSection
	GlobalSection(ProjectConfiguration) = postSolution
		{820B4962-A662-442F-9A07-7200B241C95E}.Debug.ActiveCfg = Debug|Win32
		{820B4962-A662-442F-9A07-7200B241C95E}.Debug.Build.0 = Debug|Win32
		{820B4962-A662-442F-9A07-7200B241C95E}.Release.ActiveCfg = Release|Win32
		{820B4962-A662-442F-9A07-7200B241C95E}.Release.Build.0 = Release|Win32
	EndGlobalSection
	GlobalSection(ExtensibilityGlobals) = postSolution
	EndGlobalSection
	GlobalSection(ExtensibilityAddIns) = postSolution
	EndGlobalSection
EndGlobal
