Microsoft Visual Studio Solution File, Format Version 11.00
# Visual Studio 2010
Project("{FAE04EC0-301F-11D3-BF4B-00C04F79EFBC}") = "XPathXA", "XPathXA.csproj", "{616352EC-1C7D-4502-A4C6-D396BF3F1D3A}"
EndProject
Project("{FAE04EC0-301F-11D3-BF4B-00C04F79EFBC}") = "XmlHelpers", "..\XmlHelpers\XmlHelpers.csproj", "{652AC4C2-7644-444B-B009-B8B64C3217B6}"
EndProject
Global
	GlobalSection(SolutionConfigurationPlatforms) = preSolution
		Debug|Any CPU = Debug|Any CPU
		Release|Any CPU = Release|Any CPU
	EndGlobalSection
	GlobalSection(ProjectConfigurationPlatforms) = postSolution
		{616352EC-1C7D-4502-A4C6-D396BF3F1D3A}.Debug|Any CPU.ActiveCfg = Debug|Any CPU
		{616352EC-1C7D-4502-A4C6-D396BF3F1D3A}.Debug|Any CPU.Build.0 = Debug|Any CPU
		{616352EC-1C7D-4502-A4C6-D396BF3F1D3A}.Release|Any CPU.ActiveCfg = Release|Any CPU
		{616352EC-1C7D-4502-A4C6-D396BF3F1D3A}.Release|Any CPU.Build.0 = Release|Any CPU
		{652AC4C2-7644-444B-B009-B8B64C3217B6}.Debug|Any CPU.ActiveCfg = Debug|Any CPU
		{652AC4C2-7644-444B-B009-B8B64C3217B6}.Debug|Any CPU.Build.0 = Debug|Any CPU
		{652AC4C2-7644-444B-B009-B8B64C3217B6}.Release|Any CPU.ActiveCfg = Release|Any CPU
		{652AC4C2-7644-444B-B009-B8B64C3217B6}.Release|Any CPU.Build.0 = Release|Any CPU
	EndGlobalSection
	GlobalSection(SolutionProperties) = preSolution
		HideSolutionNode = FALSE
	EndGlobalSection
EndGlobal
